{
  "name": "scrollview",
  "version": "0.0.1",
  "lockfileVersion": 1,
  "requires": true,
  "dependencies": {
    "@wm/ajax": {
      "version": "git+ssh://git@192.168.1.209:m/ajax.git#cebc6acfa966e02ad0b73fe281aee2429b77a8b2",
      "requires": {
        "@wm/bridge": "git+ssh://git@192.168.1.209:m/bridge.git#8cf51cb3a222c7aa90d02dd9fa74e4cf185a3985",
        "crypto-js": "3.1.9-1"
      }
    },
    "@wm/bridge": {
      "version": "git+ssh://git@192.168.1.209:m/bridge.git#8cf51cb3a222c7aa90d02dd9fa74e4cf185a3985"
    },
    "crypto-js": {
      "version": "3.1.9-1",
      "resolved": "http://registry.npm.taobao.org/crypto-js/download/crypto-js-3.1.9-1.tgz",
      "integrity": "sha1-/aGedh/Ad+Af+/3G6f38WeiAbNg="
    }
  }
}
